{
    "_readme": [
        "This file locks the dependencies of your project to a known state",
        "Read more about it at https://getcomposer.org/doc/01-basic-usage.md#composer-lock-the-lock-file",
        "This file is @generated automatically"
    ],
    "hash": "d8f4fbb9ed8d6010ab97fe381fd39146",
    "content-hash": "ff6f9c20773be9b8f05b6ed05136600c",
    "packages": [
        {
            "name": "sciactive/nymph-server",
            "version": "1.6.0",
            "source": {
                "type": "git",
                "url": "https://github.com/sciactive/nymph-server.git",
                "reference": "e6258395fde11b789a67478e0b418c004c54a15d"
            },
            "dist": {
                "type": "zip",
                "url": "https://api.github.com/repos/sciactive/nymph-server/zipball/e6258395fde11b789a67478e0b418c004c54a15d",
                "reference": "e6258395fde11b789a67478e0b418c004c54a15d",
                "shasum": ""
            },
            "require": {
                "sciactive/requirephp": "~1.3"
            },
            "require-dev": {
                "phpunit/phpunit": "^6.1",
                "sciactive/hookphp": "~2.0"
            },
            "type": "library",
            "autoload": {
                "psr-0": {
                    "Nymph\\": "src/"
                },
                "psr-4": {
                    "Nymph\\": "src/"
                }
            },
            "notification-url": "https://packagist.org/downloads/",
            "license": [
                "Apache-2.0"
            ],
            "authors": [
                {
                    "name": "Hunter Perrin",
                    "email": "hunter@sciactive.com",
                    "homepage": "https://github.com/hperrin",
                    "role": "Developer"
                }
            ],
            "description": "Powerful object data storage and querying for collaborative web apps.",
            "homepage": "http://nymph.io/",
            "keywords": [
                "Object Relational Mapping",
                "Object relational mapper",
                "mysql",
                "object data store",
                "object database",
                "orm",
                "postgres",
                "postgresql"
            ],
            "time": "2017-06-18 00:00:00"
        },
        {
            "name": "sciactive/requirephp",
            "version": "1.3.0",
            "source": {
                "type": "git",
                "url": "https://github.com/sciactive/requirephp.git",
                "reference": "3147a999d1f9a1d880223603a9d0a848334ee587"
            },
            "dist": {
                "type": "zip",
                "url": "https://api.github.com/repos/sciactive/requirephp/zipball/3147a999d1f9a1d880223603a9d0a848334ee587",
                "reference": "3147a999d1f9a1d880223603a9d0a848334ee587",
                "shasum": ""
            },
            "type": "library",
            "autoload": {
                "psr-0": {
                    "SciActive\\": "src/"
                },
                "psr-4": {
                    "SciActive\\": "src/"
                }
            },
            "notification-url": "https://packagist.org/downloads/",
            "license": [
                "Apache-2.0"
            ],
            "authors": [
                {
                    "name": "Hunter Perrin",
                    "email": "hunter@sciactive.com",
                    "homepage": "https://github.com/hperrin",
                    "role": "Developer"
                }
            ],
            "description": "An implementation of dependency injection (like RequireJS) in PHP.",
            "homepage": "http://requirephp.org/",
            "keywords": [
                "amd",
                "dependency injection",
                "dependency injector",
                "service location",
                "service locator"
            ],
            "time": "2015-02-19 00:00:00"
        }
    ],
    "packages-dev": [],
    "aliases": [],
    "minimum-stability": "stable",
    "stability-flags": [],
    "prefer-stable": false,
    "prefer-lowest": false,
    "platform": [],
    "platform-dev": []
}
